{
  "name": "llmark",
  "version": "0.1.0",
  "lockfileVersion": 3,
  "requires": true,
  "packages": {
    "": {
      "name": "llmark",
      "version": "0.1.0",
      "devDependencies": {
        "@hd-agent-skills/andrej-karpathy-skills": "^1.0.0"
      },
      "engines": {
        "node": ">=18.0.0",
        "pnpm": ">=9.0.0"
      }
    },
    "node_modules/@hd-agent-skills/andrej-karpathy-skills": {
      "version": "1.0.0",
      "resolved": "https://registry.npmjs.org/@hd-agent-skills/andrej-karpathy-skills/-/andrej-karpathy-skills-1.0.0.tgz",
      "integrity": "sha512-fuH6bHV30B2bQFfe4ccoZMlIndJd4EIX7XcwrLoXQqM7X9PDReohFX05P1hwGY/YWCGeBH8fHVoCV7vFi4467Q==",
      "dev": true,
      "hasInstallScript": true,
      "license": "MIT"
    }
  }
}
